
Microsoft Visual Studio Solution File, Format Version 12.00
# Visual Studio 14
VisualStudioVersion = 14.0.25420.1
MinimumVisualStudioVersion = 10.0.40219.1
Project("{FAE04EC0-301F-11D3-BF4B-00C04F79EFBC}") = "AzureTableFill", "AzureTableFill\AzureTableFill.csproj", "{954123B3-6D9C-4A94-A12C-8074C6780A3C}"
EndProject
Project("{FAE04EC0-301F-11D3-BF4B-00C04F79EFBC}") = "AzureTableSearch", "AzureTableSearch\AzureTableSearch.csproj", "{E08EECBF-652C-4D22-AF90-E5C950272944}"
EndProject
Project("{FAE04EC0-301F-11D3-BF4B-00C04F79EFBC}") = "MessageSearchApp", "MessageSearchApp\MessageSearchApp.csproj", "{1A33F670-2ECD-4A9F-BBFB-D007AC835BEE}"
EndProject
Global
	GlobalSection(SolutionConfigurationPlatforms) = preSolution
		Debug|Any CPU = Debug|Any CPU
		Release|Any CPU = Release|Any CPU
	EndGlobalSection
	GlobalSection(ProjectConfigurationPlatforms) = postSolution
		{954123B3-6D9C-4A94-A12C-8074C6780A3C}.Debug|Any CPU.ActiveCfg = Debug|Any CPU
		{954123B3-6D9C-4A94-A12C-8074C6780A3C}.Debug|Any CPU.Build.0 = Debug|Any CPU
		{954123B3-6D9C-4A94-A12C-8074C6780A3C}.Release|Any CPU.ActiveCfg = Release|Any CPU
		{954123B3-6D9C-4A94-A12C-8074C6780A3C}.Release|Any CPU.Build.0 = Release|Any CPU
		{E08EECBF-652C-4D22-AF90-E5C950272944}.Debug|Any CPU.ActiveCfg = Debug|Any CPU
		{E08EECBF-652C-4D22-AF90-E5C950272944}.Debug|Any CPU.Build.0 = Debug|Any CPU
		{E08EECBF-652C-4D22-AF90-E5C950272944}.Release|Any CPU.ActiveCfg = Release|Any CPU
		{E08EECBF-652C-4D22-AF90-E5C950272944}.Release|Any CPU.Build.0 = Release|Any CPU
		{1A33F670-2ECD-4A9F-BBFB-D007AC835BEE}.Debug|Any CPU.ActiveCfg = Debug|Any CPU
		{1A33F670-2ECD-4A9F-BBFB-D007AC835BEE}.Debug|Any CPU.Build.0 = Debug|Any CPU
		{1A33F670-2ECD-4A9F-BBFB-D007AC835BEE}.Release|Any CPU.ActiveCfg = Release|Any CPU
		{1A33F670-2ECD-4A9F-BBFB-D007AC835BEE}.Release|Any CPU.Build.0 = Release|Any CPU
	EndGlobalSection
	GlobalSection(SolutionProperties) = preSolution
		HideSolutionNode = FALSE
	EndGlobalSection
EndGlobal
